
Microsoft Visual Studio Solution File, Format Version 12.00
# Visual Studio 15
VisualStudioVersion = 15.0.26730.12
MinimumVisualStudioVersion = 10.0.40219.1
Project("{FAE04EC0-301F-11D3-BF4B-00C04F79EFBC}") = "Example.Api", "Example.Api\Example.Api.csproj", "{68301088-E36C-42F7-B594-83D338F27E4D}"
EndProject
Global
	GlobalSection(SolutionConfigurationPlatforms) = preSolution
		Debug|Any CPU = Debug|Any CPU
		Release|Any CPU = Release|Any CPU
	EndGlobalSection
	GlobalSection(ProjectConfigurationPlatforms) = postSolution
		{68301088-E36C-42F7-B594-83D338F27E4D}.Debug|Any CPU.ActiveCfg = Debug|Any CPU
		{68301088-E36C-42F7-B594-83D338F27E4D}.Debug|Any CPU.Build.0 = Debug|Any CPU
		{68301088-E36C-42F7-B594-83D338F27E4D}.Release|Any CPU.ActiveCfg = Release|Any CPU
		{68301088-E36C-42F7-B594-83D338F27E4D}.Release|Any CPU.Build.0 = Release|Any CPU
	EndGlobalSection
	GlobalSection(SolutionProperties) = preSolution
		HideSolutionNode = FALSE
	EndGlobalSection
	GlobalSection(ExtensibilityGlobals) = postSolution
		SolutionGuid = {BA874949-0D2E-447D-A8DE-BAC9CBCDC2AC}
	EndGlobalSection
EndGlobal
